
Microsoft Visual Studio Solution File, Format Version 12.00
# Visual Studio 14
VisualStudioVersion = 14.0.25420.1
MinimumVisualStudioVersion = 10.0.40219.1
Project("{8BC9CEB8-8B4A-11D0-8D11-00A0C91BC942}") = "load-collada", "load-collada.vcxproj", "{74791DB1-5D2B-489E-8C0C-BA13801E4DDD}"
EndProject
Project("{8BC9CEB8-8B4A-11D0-8D11-00A0C91BC942}") = "load-collada-dev", "load-collada-dev\load-collada-dev.vcxproj", "{329E2453-ECB2-46BE-8257-79D97B23DB2D}"
EndProject
Global
	GlobalSection(SolutionConfigurationPlatforms) = preSolution
		Debug|x64 = Debug|x64
		Debug|x86 = Debug|x86
		Release|x64 = Release|x64
		Release|x86 = Release|x86
	EndGlobalSection
	GlobalSection(ProjectConfigurationPlatforms) = postSolution
		{74791DB1-5D2B-489E-8C0C-BA13801E4DDD}.Debug|x64.ActiveCfg = Debug|x64
		{74791DB1-5D2B-489E-8C0C-BA13801E4DDD}.Debug|x64.Build.0 = Debug|x64
		{74791DB1-5D2B-489E-8C0C-BA13801E4DDD}.Debug|x86.ActiveCfg = Debug|Win32
		{74791DB1-5D2B-489E-8C0C-BA13801E4DDD}.Debug|x86.Build.0 = Debug|Win32
		{74791DB1-5D2B-489E-8C0C-BA13801E4DDD}.Release|x64.ActiveCfg = Release|x64
		{74791DB1-5D2B-489E-8C0C-BA13801E4DDD}.Release|x64.Build.0 = Release|x64
		{74791DB1-5D2B-489E-8C0C-BA13801E4DDD}.Release|x86.ActiveCfg = Release|Win32
		{74791DB1-5D2B-489E-8C0C-BA13801E4DDD}.Release|x86.Build.0 = Release|Win32
		{329E2453-ECB2-46BE-8257-79D97B23DB2D}.Debug|x64.ActiveCfg = Debug|x64
		{329E2453-ECB2-46BE-8257-79D97B23DB2D}.Debug|x64.Build.0 = Debug|x64
		{329E2453-ECB2-46BE-8257-79D97B23DB2D}.Debug|x86.ActiveCfg = Debug|Win32
		{329E2453-ECB2-46BE-8257-79D97B23DB2D}.Debug|x86.Build.0 = Debug|Win32
		{329E2453-ECB2-46BE-8257-79D97B23DB2D}.Release|x64.ActiveCfg = Release|x64
		{329E2453-ECB2-46BE-8257-79D97B23DB2D}.Release|x64.Build.0 = Release|x64
		{329E2453-ECB2-46BE-8257-79D97B23DB2D}.Release|x86.ActiveCfg = Release|Win32
		{329E2453-ECB2-46BE-8257-79D97B23DB2D}.Release|x86.Build.0 = Release|Win32
	EndGlobalSection
	GlobalSection(SolutionProperties) = preSolution
		HideSolutionNode = FALSE
	EndGlobalSection
EndGlobal
